{
  "requires": true,
  "lockfileVersion": 1,
  "dependencies": {
    "angular-in-memory-web-api": {
      "version": "0.11.0",
      "resolved": "https://registry.npmjs.org/angular-in-memory-web-api/-/angular-in-memory-web-api-0.11.0.tgz",
      "integrity": "sha512-QV1qYHm+Zd+wrvlcPLnAcqqGpOmCN1EUj4rRuYHpek8+QqFFdxBNuPZOJCKvU7I97z5QSKHsdc6PNKlpUQr3UA=="
    }
  }
}
